<?xml version="1.0" encoding="utf-8"?>
<Project ToolsVersion="16.0" xmlns="http://schemas.microsoft.com/developer/msbuild/2003">
  <ItemGroup>
    <ClCompile Include="C:\Users\KEEL\Documents\GitHub\GL_Test\GLFW\tests\gamma.c">
      <Filter>Source Files</Filter>
    </ClCompile>
    <ClCompile Include="C:\Users\KEEL\Documents\GitHub\GL_Test\GLFW\deps\glad_gl.c">
      <Filter>Source Files</Filter>
    </ClCompile>
  </ItemGroup>
  <ItemGroup>
    <ClInclude Include="C:\Users\KEEL\Documents\GitHub\GL_Test\GLFW\deps\glad\gl.h">
      <Filter>Header Files</Filter>
    </ClInclude>
  </ItemGroup>
  <ItemGroup>
    <CustomBuild Include="C:\Users\KEEL\Documents\GitHub\GL_Test\GLFW\tests\CMakeLists.txt" />
  </ItemGroup>
  <ItemGroup>
    <Filter Include="Header Files">
      <UniqueIdentifier>{61B923D8-7C75-3BF5-AC09-B2DB43809A20}</UniqueIdentifier>
    </Filter>
    <Filter Include="Source Files">
      <UniqueIdentifier>{1CFFC708-4DAC-35E6-BCBC-2525681EB971}</UniqueIdentifier>
    </Filter>
  </ItemGroup>
</Project>
