
Microsoft Visual Studio Solution File, Format Version 12.00
# Visual Studio Version 16
Project("{2150E333-8FDC-42A3-9474-1A3956D46DE8}") = "CMakePredefinedTargets", "CMakePredefinedTargets", "{E721B1DE-3A66-3CD1-8401-C561504E0D37}"
EndProject
Project("{2150E333-8FDC-42A3-9474-1A3956D46DE8}") = "GLFW3", "GLFW3", "{638CD191-E6E4-33EE-9C7C-5809A8535D2A}"
EndProject
Project("{2150E333-8FDC-42A3-9474-1A3956D46DE8}") = "Examples", "GLFW3\Examples", "{7E4C48FA-A6C9-3AB5-A47E-3CBD08270BF0}"
EndProject
Project("{2150E333-8FDC-42A3-9474-1A3956D46DE8}") = "Tests", "GLFW3\Tests", "{A46D5CCC-250D-3015-8E2E-39B1BEFFFC30}"
EndProject
Project("{8BC9CEB8-8B4A-11D0-8D11-00A0C91BC942}") = "ALL_BUILD", "ALL_BUILD.vcxproj", "{E6D68A48-75C1-3F8E-955C-713DF33CA329}"
	ProjectSection(ProjectDependencies) = postProject
		{80CD8EC1-41AA-3BB3-928A-E070AC099E93} = {80CD8EC1-41AA-3BB3-928A-E070AC099E93}
		{191FA321-AC73-3DD7-AD54-2529EEFCE585} = {191FA321-AC73-3DD7-AD54-2529EEFCE585}
		{50B28C30-CD49-3DBD-9EBA-DF733793BA51} = {50B28C30-CD49-3DBD-9EBA-DF733793BA51}
		{673270E2-23F3-3D2B-BC41-44EDC9F63CB7} = {673270E2-23F3-3D2B-BC41-44EDC9F63CB7}
		{DC107215-F7DA-3F5E-9A90-55690817219D} = {DC107215-F7DA-3F5E-9A90-55690817219D}
		{886DFBB5-6BE1-36D9-BB6D-21962523B552} = {886DFBB5-6BE1-36D9-BB6D-21962523B552}
		{77386EE9-2AC8-3D34-AE5A-DF6BF5E2C012} = {77386EE9-2AC8-3D34-AE5A-DF6BF5E2C012}
		{AFC62FC0-AF22-39F9-AFD3-12C415AED62A} = {AFC62FC0-AF22-39F9-AFD3-12C415AED62A}
		{EC6033DD-EE7B-3981-8037-2A28E4A1EF6B} = {EC6033DD-EE7B-3981-8037-2A28E4A1EF6B}
		{EC3C2D52-5680-3C11-9AE6-046057E975E2} = {EC3C2D52-5680-3C11-9AE6-046057E975E2}
		{D911E392-F45F-31BB-A6E3-B8ECF2996525} = {D911E392-F45F-31BB-A6E3-B8ECF2996525}
		{DD4CF5B0-4533-32AC-986D-F825EC40A255} = {DD4CF5B0-4533-32AC-986D-F825EC40A255}
		{26C914B1-6691-3855-9836-A1477F1F3D35} = {26C914B1-6691-3855-9836-A1477F1F3D35}
		{73F6F54C-6DBE-338C-9659-1BA406F12C3E} = {73F6F54C-6DBE-338C-9659-1BA406F12C3E}
		{9BA24A67-7A10-3170-B58A-C3525F52FC59} = {9BA24A67-7A10-3170-B58A-C3525F52FC59}
		{663F8695-512C-3398-9295-7699F1F46C8B} = {663F8695-512C-3398-9295-7699F1F46C8B}
		{6E529772-F3CA-3534-9BC3-B7DD606CA4E3} = {6E529772-F3CA-3534-9BC3-B7DD606CA4E3}
		{99C2389F-EFE9-36F1-8D48-787FABEFF73F} = {99C2389F-EFE9-36F1-8D48-787FABEFF73F}
		{62AFD888-7FAD-34E9-A0EC-679EDEB25ADD} = {62AFD888-7FAD-34E9-A0EC-679EDEB25ADD}
		{E3921DF5-B23D-3089-AE9A-9BAA4E6463E6} = {E3921DF5-B23D-3089-AE9A-9BAA4E6463E6}
		{A8302DDC-D00A-304E-A804-BE2752641619} = {A8302DDC-D00A-304E-A804-BE2752641619}
		{D76E65FB-7403-3116-A9C4-95548636D007} = {D76E65FB-7403-3116-A9C4-95548636D007}
		{5FB2CD33-2F08-3F28-8868-CCFE6F6A2E3C} = {5FB2CD33-2F08-3F28-8868-CCFE6F6A2E3C}
		{194AF745-848C-391A-BBF9-DDC3F27D71FB} = {194AF745-848C-391A-BBF9-DDC3F27D71FB}
		{F9BD8182-425F-3744-A97E-8BB3FD73D052} = {F9BD8182-425F-3744-A97E-8BB3FD73D052}
		{A18C7F43-A864-30BF-9DBC-1890D6A957BE} = {A18C7F43-A864-30BF-9DBC-1890D6A957BE}
		{FC23C250-6145-35E2-805C-FCD9341B98B9} = {FC23C250-6145-35E2-805C-FCD9341B98B9}
		{959064C5-6FF7-3BC0-B281-4D1C58DDD655} = {959064C5-6FF7-3BC0-B281-4D1C58DDD655}
		{A3A1263F-0841-31D9-8B63-E8201CB63A2B} = {A3A1263F-0841-31D9-8B63-E8201CB63A2B}
		{30670400-A489-3226-8F4D-BA1F3CBD979D} = {30670400-A489-3226-8F4D-BA1F3CBD979D}
		{C03F2615-3203-3052-8262-16F6931C0D4F} = {C03F2615-3203-3052-8262-16F6931C0D4F}
	EndProjectSection
EndProject
Project("{8BC9CEB8-8B4A-11D0-8D11-00A0C91BC942}") = "INSTALL", "INSTALL.vcxproj", "{7741F5C1-B921-39CB-A16C-C1342CC52B22}"
	ProjectSection(ProjectDependencies) = postProject
		{E6D68A48-75C1-3F8E-955C-713DF33CA329} = {E6D68A48-75C1-3F8E-955C-713DF33CA329}
		{80CD8EC1-41AA-3BB3-928A-E070AC099E93} = {80CD8EC1-41AA-3BB3-928A-E070AC099E93}
	EndProjectSection
EndProject
Project("{8BC9CEB8-8B4A-11D0-8D11-00A0C91BC942}") = "ZERO_CHECK", "ZERO_CHECK.vcxproj", "{80CD8EC1-41AA-3BB3-928A-E070AC099E93}"
	ProjectSection(ProjectDependencies) = postProject
	EndProjectSection
EndProject
Project("{8BC9CEB8-8B4A-11D0-8D11-00A0C91BC942}") = "boing", "examples\boing.vcxproj", "{191FA321-AC73-3DD7-AD54-2529EEFCE585}"
	ProjectSection(ProjectDependencies) = postProject
		{80CD8EC1-41AA-3BB3-928A-E070AC099E93} = {80CD8EC1-41AA-3BB3-928A-E070AC099E93}
		{EC6033DD-EE7B-3981-8037-2A28E4A1EF6B} = {EC6033DD-EE7B-3981-8037-2A28E4A1EF6B}
	EndProjectSection
EndProject
Project("{8BC9CEB8-8B4A-11D0-8D11-00A0C91BC942}") = "clipboard", "tests\clipboard.vcxproj", "{50B28C30-CD49-3DBD-9EBA-DF733793BA51}"
	ProjectSection(ProjectDependencies) = postProject
		{80CD8EC1-41AA-3BB3-928A-E070AC099E93} = {80CD8EC1-41AA-3BB3-928A-E070AC099E93}
		{EC6033DD-EE7B-3981-8037-2A28E4A1EF6B} = {EC6033DD-EE7B-3981-8037-2A28E4A1EF6B}
	EndProjectSection
EndProject
Project("{8BC9CEB8-8B4A-11D0-8D11-00A0C91BC942}") = "cursor", "tests\cursor.vcxproj", "{673270E2-23F3-3D2B-BC41-44EDC9F63CB7}"
	ProjectSection(ProjectDependencies) = postProject
		{80CD8EC1-41AA-3BB3-928A-E070AC099E93} = {80CD8EC1-41AA-3BB3-928A-E070AC099E93}
		{EC6033DD-EE7B-3981-8037-2A28E4A1EF6B} = {EC6033DD-EE7B-3981-8037-2A28E4A1EF6B}
	EndProjectSection
EndProject
Project("{8BC9CEB8-8B4A-11D0-8D11-00A0C91BC942}") = "empty", "tests\empty.vcxproj", "{DC107215-F7DA-3F5E-9A90-55690817219D}"
	ProjectSection(ProjectDependencies) = postProject
		{80CD8EC1-41AA-3BB3-928A-E070AC099E93} = {80CD8EC1-41AA-3BB3-928A-E070AC099E93}
		{EC6033DD-EE7B-3981-8037-2A28E4A1EF6B} = {EC6033DD-EE7B-3981-8037-2A28E4A1EF6B}
	EndProjectSection
EndProject
Project("{8BC9CEB8-8B4A-11D0-8D11-00A0C91BC942}") = "events", "tests\events.vcxproj", "{886DFBB5-6BE1-36D9-BB6D-21962523B552}"
	ProjectSection(ProjectDependencies) = postProject
		{80CD8EC1-41AA-3BB3-928A-E070AC099E93} = {80CD8EC1-41AA-3BB3-928A-E070AC099E93}
		{EC6033DD-EE7B-3981-8037-2A28E4A1EF6B} = {EC6033DD-EE7B-3981-8037-2A28E4A1EF6B}
	EndProjectSection
EndProject
Project("{8BC9CEB8-8B4A-11D0-8D11-00A0C91BC942}") = "gamma", "tests\gamma.vcxproj", "{77386EE9-2AC8-3D34-AE5A-DF6BF5E2C012}"
	ProjectSection(ProjectDependencies) = postProject
		{80CD8EC1-41AA-3BB3-928A-E070AC099E93} = {80CD8EC1-41AA-3BB3-928A-E070AC099E93}
		{EC6033DD-EE7B-3981-8037-2A28E4A1EF6B} = {EC6033DD-EE7B-3981-8037-2A28E4A1EF6B}
	EndProjectSection
EndProject
Project("{8BC9CEB8-8B4A-11D0-8D11-00A0C91BC942}") = "gears", "examples\gears.vcxproj", "{AFC62FC0-AF22-39F9-AFD3-12C415AED62A}"
	ProjectSection(ProjectDependencies) = postProject
		{80CD8EC1-41AA-3BB3-928A-E070AC099E93} = {80CD8EC1-41AA-3BB3-928A-E070AC099E93}
		{EC6033DD-EE7B-3981-8037-2A28E4A1EF6B} = {EC6033DD-EE7B-3981-8037-2A28E4A1EF6B}
	EndProjectSection
EndProject
Project("{8BC9CEB8-8B4A-11D0-8D11-00A0C91BC942}") = "glfw", "src\glfw.vcxproj", "{EC6033DD-EE7B-3981-8037-2A28E4A1EF6B}"
	ProjectSection(ProjectDependencies) = postProject
		{80CD8EC1-41AA-3BB3-928A-E070AC099E93} = {80CD8EC1-41AA-3BB3-928A-E070AC099E93}
	EndProjectSection
EndProject
Project("{8BC9CEB8-8B4A-11D0-8D11-00A0C91BC942}") = "glfwinfo", "tests\glfwinfo.vcxproj", "{EC3C2D52-5680-3C11-9AE6-046057E975E2}"
	ProjectSection(ProjectDependencies) = postProject
		{80CD8EC1-41AA-3BB3-928A-E070AC099E93} = {80CD8EC1-41AA-3BB3-928A-E070AC099E93}
		{EC6033DD-EE7B-3981-8037-2A28E4A1EF6B} = {EC6033DD-EE7B-3981-8037-2A28E4A1EF6B}
	EndProjectSection
EndProject
Project("{8BC9CEB8-8B4A-11D0-8D11-00A0C91BC942}") = "heightmap", "examples\heightmap.vcxproj", "{D911E392-F45F-31BB-A6E3-B8ECF2996525}"
	ProjectSection(ProjectDependencies) = postProject
		{80CD8EC1-41AA-3BB3-928A-E070AC099E93} = {80CD8EC1-41AA-3BB3-928A-E070AC099E93}
		{EC6033DD-EE7B-3981-8037-2A28E4A1EF6B} = {EC6033DD-EE7B-3981-8037-2A28E4A1EF6B}
	EndProjectSection
EndProject
Project("{8BC9CEB8-8B4A-11D0-8D11-00A0C91BC942}") = "icon", "tests\icon.vcxproj", "{DD4CF5B0-4533-32AC-986D-F825EC40A255}"
	ProjectSection(ProjectDependencies) = postProject
		{80CD8EC1-41AA-3BB3-928A-E070AC099E93} = {80CD8EC1-41AA-3BB3-928A-E070AC099E93}
		{EC6033DD-EE7B-3981-8037-2A28E4A1EF6B} = {EC6033DD-EE7B-3981-8037-2A28E4A1EF6B}
	EndProjectSection
EndProject
Project("{8BC9CEB8-8B4A-11D0-8D11-00A0C91BC942}") = "iconify", "tests\iconify.vcxproj", "{26C914B1-6691-3855-9836-A1477F1F3D35}"
	ProjectSection(ProjectDependencies) = postProject
		{80CD8EC1-41AA-3BB3-928A-E070AC099E93} = {80CD8EC1-41AA-3BB3-928A-E070AC099E93}
		{EC6033DD-EE7B-3981-8037-2A28E4A1EF6B} = {EC6033DD-EE7B-3981-8037-2A28E4A1EF6B}
	EndProjectSection
EndProject
Project("{8BC9CEB8-8B4A-11D0-8D11-00A0C91BC942}") = "inputlag", "tests\inputlag.vcxproj", "{73F6F54C-6DBE-338C-9659-1BA406F12C3E}"
	ProjectSection(ProjectDependencies) = postProject
		{80CD8EC1-41AA-3BB3-928A-E070AC099E93} = {80CD8EC1-41AA-3BB3-928A-E070AC099E93}
		{EC6033DD-EE7B-3981-8037-2A28E4A1EF6B} = {EC6033DD-EE7B-3981-8037-2A28E4A1EF6B}
	EndProjectSection
EndProject
Project("{8BC9CEB8-8B4A-11D0-8D11-00A0C91BC942}") = "joysticks", "tests\joysticks.vcxproj", "{9BA24A67-7A10-3170-B58A-C3525F52FC59}"
	ProjectSection(ProjectDependencies) = postProject
		{80CD8EC1-41AA-3BB3-928A-E070AC099E93} = {80CD8EC1-41AA-3BB3-928A-E070AC099E93}
		{EC6033DD-EE7B-3981-8037-2A28E4A1EF6B} = {EC6033DD-EE7B-3981-8037-2A28E4A1EF6B}
	EndProjectSection
EndProject
Project("{8BC9CEB8-8B4A-11D0-8D11-00A0C91BC942}") = "monitors", "tests\monitors.vcxproj", "{663F8695-512C-3398-9295-7699F1F46C8B}"
	ProjectSection(ProjectDependencies) = postProject
		{80CD8EC1-41AA-3BB3-928A-E070AC099E93} = {80CD8EC1-41AA-3BB3-928A-E070AC099E93}
		{EC6033DD-EE7B-3981-8037-2A28E4A1EF6B} = {EC6033DD-EE7B-3981-8037-2A28E4A1EF6B}
	EndProjectSection
EndProject
Project("{8BC9CEB8-8B4A-11D0-8D11-00A0C91BC942}") = "msaa", "tests\msaa.vcxproj", "{6E529772-F3CA-3534-9BC3-B7DD606CA4E3}"
	ProjectSection(ProjectDependencies) = postProject
		{80CD8EC1-41AA-3BB3-928A-E070AC099E93} = {80CD8EC1-41AA-3BB3-928A-E070AC099E93}
		{EC6033DD-EE7B-3981-8037-2A28E4A1EF6B} = {EC6033DD-EE7B-3981-8037-2A28E4A1EF6B}
	EndProjectSection
EndProject
Project("{8BC9CEB8-8B4A-11D0-8D11-00A0C91BC942}") = "offscreen", "examples\offscreen.vcxproj", "{99C2389F-EFE9-36F1-8D48-787FABEFF73F}"
	ProjectSection(ProjectDependencies) = postProject
		{80CD8EC1-41AA-3BB3-928A-E070AC099E93} = {80CD8EC1-41AA-3BB3-928A-E070AC099E93}
		{EC6033DD-EE7B-3981-8037-2A28E4A1EF6B} = {EC6033DD-EE7B-3981-8037-2A28E4A1EF6B}
	EndProjectSection
EndProject
Project("{8BC9CEB8-8B4A-11D0-8D11-00A0C91BC942}") = "opacity", "tests\opacity.vcxproj", "{62AFD888-7FAD-34E9-A0EC-679EDEB25ADD}"
	ProjectSection(ProjectDependencies) = postProject
		{80CD8EC1-41AA-3BB3-928A-E070AC099E93} = {80CD8EC1-41AA-3BB3-928A-E070AC099E93}
		{EC6033DD-EE7B-3981-8037-2A28E4A1EF6B} = {EC6033DD-EE7B-3981-8037-2A28E4A1EF6B}
	EndProjectSection
EndProject
Project("{8BC9CEB8-8B4A-11D0-8D11-00A0C91BC942}") = "particles", "examples\particles.vcxproj", "{E3921DF5-B23D-3089-AE9A-9BAA4E6463E6}"
	ProjectSection(ProjectDependencies) = postProject
		{80CD8EC1-41AA-3BB3-928A-E070AC099E93} = {80CD8EC1-41AA-3BB3-928A-E070AC099E93}
		{EC6033DD-EE7B-3981-8037-2A28E4A1EF6B} = {EC6033DD-EE7B-3981-8037-2A28E4A1EF6B}
	EndProjectSection
EndProject
Project("{8BC9CEB8-8B4A-11D0-8D11-00A0C91BC942}") = "reopen", "tests\reopen.vcxproj", "{A8302DDC-D00A-304E-A804-BE2752641619}"
	ProjectSection(ProjectDependencies) = postProject
		{80CD8EC1-41AA-3BB3-928A-E070AC099E93} = {80CD8EC1-41AA-3BB3-928A-E070AC099E93}
		{EC6033DD-EE7B-3981-8037-2A28E4A1EF6B} = {EC6033DD-EE7B-3981-8037-2A28E4A1EF6B}
	EndProjectSection
EndProject
Project("{8BC9CEB8-8B4A-11D0-8D11-00A0C91BC942}") = "sharing", "examples\sharing.vcxproj", "{D76E65FB-7403-3116-A9C4-95548636D007}"
	ProjectSection(ProjectDependencies) = postProject
		{80CD8EC1-41AA-3BB3-928A-E070AC099E93} = {80CD8EC1-41AA-3BB3-928A-E070AC099E93}
		{EC6033DD-EE7B-3981-8037-2A28E4A1EF6B} = {EC6033DD-EE7B-3981-8037-2A28E4A1EF6B}
	EndProjectSection
EndProject
Project("{8BC9CEB8-8B4A-11D0-8D11-00A0C91BC942}") = "simple", "examples\simple.vcxproj", "{5FB2CD33-2F08-3F28-8868-CCFE6F6A2E3C}"
	ProjectSection(ProjectDependencies) = postProject
		{80CD8EC1-41AA-3BB3-928A-E070AC099E93} = {80CD8EC1-41AA-3BB3-928A-E070AC099E93}
		{EC6033DD-EE7B-3981-8037-2A28E4A1EF6B} = {EC6033DD-EE7B-3981-8037-2A28E4A1EF6B}
	EndProjectSection
EndProject
Project("{8BC9CEB8-8B4A-11D0-8D11-00A0C91BC942}") = "splitview", "examples\splitview.vcxproj", "{194AF745-848C-391A-BBF9-DDC3F27D71FB}"
	ProjectSection(ProjectDependencies) = postProject
		{80CD8EC1-41AA-3BB3-928A-E070AC099E93} = {80CD8EC1-41AA-3BB3-928A-E070AC099E93}
		{EC6033DD-EE7B-3981-8037-2A28E4A1EF6B} = {EC6033DD-EE7B-3981-8037-2A28E4A1EF6B}
	EndProjectSection
EndProject
Project("{8BC9CEB8-8B4A-11D0-8D11-00A0C91BC942}") = "tearing", "tests\tearing.vcxproj", "{F9BD8182-425F-3744-A97E-8BB3FD73D052}"
	ProjectSection(ProjectDependencies) = postProject
		{80CD8EC1-41AA-3BB3-928A-E070AC099E93} = {80CD8EC1-41AA-3BB3-928A-E070AC099E93}
		{EC6033DD-EE7B-3981-8037-2A28E4A1EF6B} = {EC6033DD-EE7B-3981-8037-2A28E4A1EF6B}
	EndProjectSection
EndProject
Project("{8BC9CEB8-8B4A-11D0-8D11-00A0C91BC942}") = "threads", "tests\threads.vcxproj", "{A18C7F43-A864-30BF-9DBC-1890D6A957BE}"
	ProjectSection(ProjectDependencies) = postProject
		{80CD8EC1-41AA-3BB3-928A-E070AC099E93} = {80CD8EC1-41AA-3BB3-928A-E070AC099E93}
		{EC6033DD-EE7B-3981-8037-2A28E4A1EF6B} = {EC6033DD-EE7B-3981-8037-2A28E4A1EF6B}
	EndProjectSection
EndProject
Project("{8BC9CEB8-8B4A-11D0-8D11-00A0C91BC942}") = "timeout", "tests\timeout.vcxproj", "{FC23C250-6145-35E2-805C-FCD9341B98B9}"
	ProjectSection(ProjectDependencies) = postProject
		{80CD8EC1-41AA-3BB3-928A-E070AC099E93} = {80CD8EC1-41AA-3BB3-928A-E070AC099E93}
		{EC6033DD-EE7B-3981-8037-2A28E4A1EF6B} = {EC6033DD-EE7B-3981-8037-2A28E4A1EF6B}
	EndProjectSection
EndProject
Project("{8BC9CEB8-8B4A-11D0-8D11-00A0C91BC942}") = "title", "tests\title.vcxproj", "{959064C5-6FF7-3BC0-B281-4D1C58DDD655}"
	ProjectSection(ProjectDependencies) = postProject
		{80CD8EC1-41AA-3BB3-928A-E070AC099E93} = {80CD8EC1-41AA-3BB3-928A-E070AC099E93}
		{EC6033DD-EE7B-3981-8037-2A28E4A1EF6B} = {EC6033DD-EE7B-3981-8037-2A28E4A1EF6B}
	EndProjectSection
EndProject
Project("{8BC9CEB8-8B4A-11D0-8D11-00A0C91BC942}") = "triangle-vulkan", "tests\triangle-vulkan.vcxproj", "{A3A1263F-0841-31D9-8B63-E8201CB63A2B}"
	ProjectSection(ProjectDependencies) = postProject
		{80CD8EC1-41AA-3BB3-928A-E070AC099E93} = {80CD8EC1-41AA-3BB3-928A-E070AC099E93}
		{EC6033DD-EE7B-3981-8037-2A28E4A1EF6B} = {EC6033DD-EE7B-3981-8037-2A28E4A1EF6B}
	EndProjectSection
EndProject
Project("{8BC9CEB8-8B4A-11D0-8D11-00A0C91BC942}") = "uninstall", "uninstall.vcxproj", "{9B80B52A-5C18-3C33-AE70-1D5A45DA260A}"
	ProjectSection(ProjectDependencies) = postProject
		{80CD8EC1-41AA-3BB3-928A-E070AC099E93} = {80CD8EC1-41AA-3BB3-928A-E070AC099E93}
	EndProjectSection
EndProject
Project("{8BC9CEB8-8B4A-11D0-8D11-00A0C91BC942}") = "wave", "examples\wave.vcxproj", "{30670400-A489-3226-8F4D-BA1F3CBD979D}"
	ProjectSection(ProjectDependencies) = postProject
		{80CD8EC1-41AA-3BB3-928A-E070AC099E93} = {80CD8EC1-41AA-3BB3-928A-E070AC099E93}
		{EC6033DD-EE7B-3981-8037-2A28E4A1EF6B} = {EC6033DD-EE7B-3981-8037-2A28E4A1EF6B}
	EndProjectSection
EndProject
Project("{8BC9CEB8-8B4A-11D0-8D11-00A0C91BC942}") = "windows", "tests\windows.vcxproj", "{C03F2615-3203-3052-8262-16F6931C0D4F}"
	ProjectSection(ProjectDependencies) = postProject
		{80CD8EC1-41AA-3BB3-928A-E070AC099E93} = {80CD8EC1-41AA-3BB3-928A-E070AC099E93}
		{EC6033DD-EE7B-3981-8037-2A28E4A1EF6B} = {EC6033DD-EE7B-3981-8037-2A28E4A1EF6B}
	EndProjectSection
EndProject
Global
	GlobalSection(SolutionConfigurationPlatforms) = preSolution
		Debug|x64 = Debug|x64
		Release|x64 = Release|x64
		MinSizeRel|x64 = MinSizeRel|x64
		RelWithDebInfo|x64 = RelWithDebInfo|x64
	EndGlobalSection
	GlobalSection(ProjectConfigurationPlatforms) = postSolution
		{E6D68A48-75C1-3F8E-955C-713DF33CA329}.Debug|x64.ActiveCfg = Debug|x64
		{E6D68A48-75C1-3F8E-955C-713DF33CA329}.Debug|x64.Build.0 = Debug|x64
		{E6D68A48-75C1-3F8E-955C-713DF33CA329}.Release|x64.ActiveCfg = Release|x64
		{E6D68A48-75C1-3F8E-955C-713DF33CA329}.Release|x64.Build.0 = Release|x64
		{E6D68A48-75C1-3F8E-955C-713DF33CA329}.MinSizeRel|x64.ActiveCfg = MinSizeRel|x64
		{E6D68A48-75C1-3F8E-955C-713DF33CA329}.MinSizeRel|x64.Build.0 = MinSizeRel|x64
		{E6D68A48-75C1-3F8E-955C-713DF33CA329}.RelWithDebInfo|x64.ActiveCfg = RelWithDebInfo|x64
		{E6D68A48-75C1-3F8E-955C-713DF33CA329}.RelWithDebInfo|x64.Build.0 = RelWithDebInfo|x64
		{7741F5C1-B921-39CB-A16C-C1342CC52B22}.Debug|x64.ActiveCfg = Debug|x64
		{7741F5C1-B921-39CB-A16C-C1342CC52B22}.Release|x64.ActiveCfg = Release|x64
		{7741F5C1-B921-39CB-A16C-C1342CC52B22}.MinSizeRel|x64.ActiveCfg = MinSizeRel|x64
		{7741F5C1-B921-39CB-A16C-C1342CC52B22}.RelWithDebInfo|x64.ActiveCfg = RelWithDebInfo|x64
		{80CD8EC1-41AA-3BB3-928A-E070AC099E93}.Debug|x64.ActiveCfg = Debug|x64
		{80CD8EC1-41AA-3BB3-928A-E070AC099E93}.Debug|x64.Build.0 = Debug|x64
		{80CD8EC1-41AA-3BB3-928A-E070AC099E93}.Release|x64.ActiveCfg = Release|x64
		{80CD8EC1-41AA-3BB3-928A-E070AC099E93}.Release|x64.Build.0 = Release|x64
		{80CD8EC1-41AA-3BB3-928A-E070AC099E93}.MinSizeRel|x64.ActiveCfg = MinSizeRel|x64
		{80CD8EC1-41AA-3BB3-928A-E070AC099E93}.MinSizeRel|x64.Build.0 = MinSizeRel|x64
		{80CD8EC1-41AA-3BB3-928A-E070AC099E93}.RelWithDebInfo|x64.ActiveCfg = RelWithDebInfo|x64
		{80CD8EC1-41AA-3BB3-928A-E070AC099E93}.RelWithDebInfo|x64.Build.0 = RelWithDebInfo|x64
		{191FA321-AC73-3DD7-AD54-2529EEFCE585}.Debug|x64.ActiveCfg = Debug|x64
		{191FA321-AC73-3DD7-AD54-2529EEFCE585}.Debug|x64.Build.0 = Debug|x64
		{191FA321-AC73-3DD7-AD54-2529EEFCE585}.Release|x64.ActiveCfg = Release|x64
		{191FA321-AC73-3DD7-AD54-2529EEFCE585}.Release|x64.Build.0 = Release|x64
		{191FA321-AC73-3DD7-AD54-2529EEFCE585}.MinSizeRel|x64.ActiveCfg = MinSizeRel|x64
		{191FA321-AC73-3DD7-AD54-2529EEFCE585}.MinSizeRel|x64.Build.0 = MinSizeRel|x64
		{191FA321-AC73-3DD7-AD54-2529EEFCE585}.RelWithDebInfo|x64.ActiveCfg = RelWithDebInfo|x64
		{191FA321-AC73-3DD7-AD54-2529EEFCE585}.RelWithDebInfo|x64.Build.0 = RelWithDebInfo|x64
		{50B28C30-CD49-3DBD-9EBA-DF733793BA51}.Debug|x64.ActiveCfg = Debug|x64
		{50B28C30-CD49-3DBD-9EBA-DF733793BA51}.Debug|x64.Build.0 = Debug|x64
		{50B28C30-CD49-3DBD-9EBA-DF733793BA51}.Release|x64.ActiveCfg = Release|x64
		{50B28C30-CD49-3DBD-9EBA-DF733793BA51}.Release|x64.Build.0 = Release|x64
		{50B28C30-CD49-3DBD-9EBA-DF733793BA51}.MinSizeRel|x64.ActiveCfg = MinSizeRel|x64
		{50B28C30-CD49-3DBD-9EBA-DF733793BA51}.MinSizeRel|x64.Build.0 = MinSizeRel|x64
		{50B28C30-CD49-3DBD-9EBA-DF733793BA51}.RelWithDebInfo|x64.ActiveCfg = RelWithDebInfo|x64
		{50B28C30-CD49-3DBD-9EBA-DF733793BA51}.RelWithDebInfo|x64.Build.0 = RelWithDebInfo|x64
		{673270E2-23F3-3D2B-BC41-44EDC9F63CB7}.Debug|x64.ActiveCfg = Debug|x64
		{673270E2-23F3-3D2B-BC41-44EDC9F63CB7}.Debug|x64.Build.0 = Debug|x64
		{673270E2-23F3-3D2B-BC41-44EDC9F63CB7}.Release|x64.ActiveCfg = Release|x64
		{673270E2-23F3-3D2B-BC41-44EDC9F63CB7}.Release|x64.Build.0 = Release|x64
		{673270E2-23F3-3D2B-BC41-44EDC9F63CB7}.MinSizeRel|x64.ActiveCfg = MinSizeRel|x64
		{673270E2-23F3-3D2B-BC41-44EDC9F63CB7}.MinSizeRel|x64.Build.0 = MinSizeRel|x64
		{673270E2-23F3-3D2B-BC41-44EDC9F63CB7}.RelWithDebInfo|x64.ActiveCfg = RelWithDebInfo|x64
		{673270E2-23F3-3D2B-BC41-44EDC9F63CB7}.RelWithDebInfo|x64.Build.0 = RelWithDebInfo|x64
		{DC107215-F7DA-3F5E-9A90-55690817219D}.Debug|x64.ActiveCfg = Debug|x64
		{DC107215-F7DA-3F5E-9A90-55690817219D}.Debug|x64.Build.0 = Debug|x64
		{DC107215-F7DA-3F5E-9A90-55690817219D}.Release|x64.ActiveCfg = Release|x64
		{DC107215-F7DA-3F5E-9A90-55690817219D}.Release|x64.Build.0 = Release|x64
		{DC107215-F7DA-3F5E-9A90-55690817219D}.MinSizeRel|x64.ActiveCfg = MinSizeRel|x64
		{DC107215-F7DA-3F5E-9A90-55690817219D}.MinSizeRel|x64.Build.0 = MinSizeRel|x64
		{DC107215-F7DA-3F5E-9A90-55690817219D}.RelWithDebInfo|x64.ActiveCfg = RelWithDebInfo|x64
		{DC107215-F7DA-3F5E-9A90-55690817219D}.RelWithDebInfo|x64.Build.0 = RelWithDebInfo|x64
		{886DFBB5-6BE1-36D9-BB6D-21962523B552}.Debug|x64.ActiveCfg = Debug|x64
		{886DFBB5-6BE1-36D9-BB6D-21962523B552}.Debug|x64.Build.0 = Debug|x64
		{886DFBB5-6BE1-36D9-BB6D-21962523B552}.Release|x64.ActiveCfg = Release|x64
		{886DFBB5-6BE1-36D9-BB6D-21962523B552}.Release|x64.Build.0 = Release|x64
		{886DFBB5-6BE1-36D9-BB6D-21962523B552}.MinSizeRel|x64.ActiveCfg = MinSizeRel|x64
		{886DFBB5-6BE1-36D9-BB6D-21962523B552}.MinSizeRel|x64.Build.0 = MinSizeRel|x64
		{886DFBB5-6BE1-36D9-BB6D-21962523B552}.RelWithDebInfo|x64.ActiveCfg = RelWithDebInfo|x64
		{886DFBB5-6BE1-36D9-BB6D-21962523B552}.RelWithDebInfo|x64.Build.0 = RelWithDebInfo|x64
		{77386EE9-2AC8-3D34-AE5A-DF6BF5E2C012}.Debug|x64.ActiveCfg = Debug|x64
		{77386EE9-2AC8-3D34-AE5A-DF6BF5E2C012}.Debug|x64.Build.0 = Debug|x64
		{77386EE9-2AC8-3D34-AE5A-DF6BF5E2C012}.Release|x64.ActiveCfg = Release|x64
		{77386EE9-2AC8-3D34-AE5A-DF6BF5E2C012}.Release|x64.Build.0 = Release|x64
		{77386EE9-2AC8-3D34-AE5A-DF6BF5E2C012}.MinSizeRel|x64.ActiveCfg = MinSizeRel|x64
		{77386EE9-2AC8-3D34-AE5A-DF6BF5E2C012}.MinSizeRel|x64.Build.0 = MinSizeRel|x64
		{77386EE9-2AC8-3D34-AE5A-DF6BF5E2C012}.RelWithDebInfo|x64.ActiveCfg = RelWithDebInfo|x64
		{77386EE9-2AC8-3D34-AE5A-DF6BF5E2C012}.RelWithDebInfo|x64.Build.0 = RelWithDebInfo|x64
		{AFC62FC0-AF22-39F9-AFD3-12C415AED62A}.Debug|x64.ActiveCfg = Debug|x64
		{AFC62FC0-AF22-39F9-AFD3-12C415AED62A}.Debug|x64.Build.0 = Debug|x64
		{AFC62FC0-AF22-39F9-AFD3-12C415AED62A}.Release|x64.ActiveCfg = Release|x64
		{AFC62FC0-AF22-39F9-AFD3-12C415AED62A}.Release|x64.Build.0 = Release|x64
		{AFC62FC0-AF22-39F9-AFD3-12C415AED62A}.MinSizeRel|x64.ActiveCfg = MinSizeRel|x64
		{AFC62FC0-AF22-39F9-AFD3-12C415AED62A}.MinSizeRel|x64.Build.0 = MinSizeRel|x64
		{AFC62FC0-AF22-39F9-AFD3-12C415AED62A}.RelWithDebInfo|x64.ActiveCfg = RelWithDebInfo|x64
		{AFC62FC0-AF22-39F9-AFD3-12C415AED62A}.RelWithDebInfo|x64.Build.0 = RelWithDebInfo|x64
		{EC6033DD-EE7B-3981-8037-2A28E4A1EF6B}.Debug|x64.ActiveCfg = Debug|x64
		{EC6033DD-EE7B-3981-8037-2A28E4A1EF6B}.Debug|x64.Build.0 = Debug|x64
		{EC6033DD-EE7B-3981-8037-2A28E4A1EF6B}.Release|x64.ActiveCfg = Release|x64
		{EC6033DD-EE7B-3981-8037-2A28E4A1EF6B}.Release|x64.Build.0 = Release|x64
		{EC6033DD-EE7B-3981-8037-2A28E4A1EF6B}.MinSizeRel|x64.ActiveCfg = MinSizeRel|x64
		{EC6033DD-EE7B-3981-8037-2A28E4A1EF6B}.MinSizeRel|x64.Build.0 = MinSizeRel|x64
		{EC6033DD-EE7B-3981-8037-2A28E4A1EF6B}.RelWithDebInfo|x64.ActiveCfg = RelWithDebInfo|x64
		{EC6033DD-EE7B-3981-8037-2A28E4A1EF6B}.RelWithDebInfo|x64.Build.0 = RelWithDebInfo|x64
		{EC3C2D52-5680-3C11-9AE6-046057E975E2}.Debug|x64.ActiveCfg = Debug|x64
		{EC3C2D52-5680-3C11-9AE6-046057E975E2}.Debug|x64.Build.0 = Debug|x64
		{EC3C2D52-5680-3C11-9AE6-046057E975E2}.Release|x64.ActiveCfg = Release|x64
		{EC3C2D52-5680-3C11-9AE6-046057E975E2}.Release|x64.Build.0 = Release|x64
		{EC3C2D52-5680-3C11-9AE6-046057E975E2}.MinSizeRel|x64.ActiveCfg = MinSizeRel|x64
		{EC3C2D52-5680-3C11-9AE6-046057E975E2}.MinSizeRel|x64.Build.0 = MinSizeRel|x64
		{EC3C2D52-5680-3C11-9AE6-046057E975E2}.RelWithDebInfo|x64.ActiveCfg = RelWithDebInfo|x64
		{EC3C2D52-5680-3C11-9AE6-046057E975E2}.RelWithDebInfo|x64.Build.0 = RelWithDebInfo|x64
		{D911E392-F45F-31BB-A6E3-B8ECF2996525}.Debug|x64.ActiveCfg = Debug|x64
		{D911E392-F45F-31BB-A6E3-B8ECF2996525}.Debug|x64.Build.0 = Debug|x64
		{D911E392-F45F-31BB-A6E3-B8ECF2996525}.Release|x64.ActiveCfg = Release|x64
		{D911E392-F45F-31BB-A6E3-B8ECF2996525}.Release|x64.Build.0 = Release|x64
		{D911E392-F45F-31BB-A6E3-B8ECF2996525}.MinSizeRel|x64.ActiveCfg = MinSizeRel|x64
		{D911E392-F45F-31BB-A6E3-B8ECF2996525}.MinSizeRel|x64.Build.0 = MinSizeRel|x64
		{D911E392-F45F-31BB-A6E3-B8ECF2996525}.RelWithDebInfo|x64.ActiveCfg = RelWithDebInfo|x64
		{D911E392-F45F-31BB-A6E3-B8ECF2996525}.RelWithDebInfo|x64.Build.0 = RelWithDebInfo|x64
		{DD4CF5B0-4533-32AC-986D-F825EC40A255}.Debug|x64.ActiveCfg = Debug|x64
		{DD4CF5B0-4533-32AC-986D-F825EC40A255}.Debug|x64.Build.0 = Debug|x64
		{DD4CF5B0-4533-32AC-986D-F825EC40A255}.Release|x64.ActiveCfg = Release|x64
		{DD4CF5B0-4533-32AC-986D-F825EC40A255}.Release|x64.Build.0 = Release|x64
		{DD4CF5B0-4533-32AC-986D-F825EC40A255}.MinSizeRel|x64.ActiveCfg = MinSizeRel|x64
		{DD4CF5B0-4533-32AC-986D-F825EC40A255}.MinSizeRel|x64.Build.0 = MinSizeRel|x64
		{DD4CF5B0-4533-32AC-986D-F825EC40A255}.RelWithDebInfo|x64.ActiveCfg = RelWithDebInfo|x64
		{DD4CF5B0-4533-32AC-986D-F825EC40A255}.RelWithDebInfo|x64.Build.0 = RelWithDebInfo|x64
		{26C914B1-6691-3855-9836-A1477F1F3D35}.Debug|x64.ActiveCfg = Debug|x64
		{26C914B1-6691-3855-9836-A1477F1F3D35}.Debug|x64.Build.0 = Debug|x64
		{26C914B1-6691-3855-9836-A1477F1F3D35}.Release|x64.ActiveCfg = Release|x64
		{26C914B1-6691-3855-9836-A1477F1F3D35}.Release|x64.Build.0 = Release|x64
		{26C914B1-6691-3855-9836-A1477F1F3D35}.MinSizeRel|x64.ActiveCfg = MinSizeRel|x64
		{26C914B1-6691-3855-9836-A1477F1F3D35}.MinSizeRel|x64.Build.0 = MinSizeRel|x64
		{26C914B1-6691-3855-9836-A1477F1F3D35}.RelWithDebInfo|x64.ActiveCfg = RelWithDebInfo|x64
		{26C914B1-6691-3855-9836-A1477F1F3D35}.RelWithDebInfo|x64.Build.0 = RelWithDebInfo|x64
		{73F6F54C-6DBE-338C-9659-1BA406F12C3E}.Debug|x64.ActiveCfg = Debug|x64
		{73F6F54C-6DBE-338C-9659-1BA406F12C3E}.Debug|x64.Build.0 = Debug|x64
		{73F6F54C-6DBE-338C-9659-1BA406F12C3E}.Release|x64.ActiveCfg = Release|x64
		{73F6F54C-6DBE-338C-9659-1BA406F12C3E}.Release|x64.Build.0 = Release|x64
		{73F6F54C-6DBE-338C-9659-1BA406F12C3E}.MinSizeRel|x64.ActiveCfg = MinSizeRel|x64
		{73F6F54C-6DBE-338C-9659-1BA406F12C3E}.MinSizeRel|x64.Build.0 = MinSizeRel|x64
		{73F6F54C-6DBE-338C-9659-1BA406F12C3E}.RelWithDebInfo|x64.ActiveCfg = RelWithDebInfo|x64
		{73F6F54C-6DBE-338C-9659-1BA406F12C3E}.RelWithDebInfo|x64.Build.0 = RelWithDebInfo|x64
		{9BA24A67-7A10-3170-B58A-C3525F52FC59}.Debug|x64.ActiveCfg = Debug|x64
		{9BA24A67-7A10-3170-B58A-C3525F52FC59}.Debug|x64.Build.0 = Debug|x64
		{9BA24A67-7A10-3170-B58A-C3525F52FC59}.Release|x64.ActiveCfg = Release|x64
		{9BA24A67-7A10-3170-B58A-C3525F52FC59}.Release|x64.Build.0 = Release|x64
		{9BA24A67-7A10-3170-B58A-C3525F52FC59}.MinSizeRel|x64.ActiveCfg = MinSizeRel|x64
		{9BA24A67-7A10-3170-B58A-C3525F52FC59}.MinSizeRel|x64.Build.0 = MinSizeRel|x64
		{9BA24A67-7A10-3170-B58A-C3525F52FC59}.RelWithDebInfo|x64.ActiveCfg = RelWithDebInfo|x64
		{9BA24A67-7A10-3170-B58A-C3525F52FC59}.RelWithDebInfo|x64.Build.0 = RelWithDebInfo|x64
		{663F8695-512C-3398-9295-7699F1F46C8B}.Debug|x64.ActiveCfg = Debug|x64
		{663F8695-512C-3398-9295-7699F1F46C8B}.Debug|x64.Build.0 = Debug|x64
		{663F8695-512C-3398-9295-7699F1F46C8B}.Release|x64.ActiveCfg = Release|x64
		{663F8695-512C-3398-9295-7699F1F46C8B}.Release|x64.Build.0 = Release|x64
		{663F8695-512C-3398-9295-7699F1F46C8B}.MinSizeRel|x64.ActiveCfg = MinSizeRel|x64
		{663F8695-512C-3398-9295-7699F1F46C8B}.MinSizeRel|x64.Build.0 = MinSizeRel|x64
		{663F8695-512C-3398-9295-7699F1F46C8B}.RelWithDebInfo|x64.ActiveCfg = RelWithDebInfo|x64
		{663F8695-512C-3398-9295-7699F1F46C8B}.RelWithDebInfo|x64.Build.0 = RelWithDebInfo|x64
		{6E529772-F3CA-3534-9BC3-B7DD606CA4E3}.Debug|x64.ActiveCfg = Debug|x64
		{6E529772-F3CA-3534-9BC3-B7DD606CA4E3}.Debug|x64.Build.0 = Debug|x64
		{6E529772-F3CA-3534-9BC3-B7DD606CA4E3}.Release|x64.ActiveCfg = Release|x64
		{6E529772-F3CA-3534-9BC3-B7DD606CA4E3}.Release|x64.Build.0 = Release|x64
		{6E529772-F3CA-3534-9BC3-B7DD606CA4E3}.MinSizeRel|x64.ActiveCfg = MinSizeRel|x64
		{6E529772-F3CA-3534-9BC3-B7DD606CA4E3}.MinSizeRel|x64.Build.0 = MinSizeRel|x64
		{6E529772-F3CA-3534-9BC3-B7DD606CA4E3}.RelWithDebInfo|x64.ActiveCfg = RelWithDebInfo|x64
		{6E529772-F3CA-3534-9BC3-B7DD606CA4E3}.RelWithDebInfo|x64.Build.0 = RelWithDebInfo|x64
		{99C2389F-EFE9-36F1-8D48-787FABEFF73F}.Debug|x64.ActiveCfg = Debug|x64
		{99C2389F-EFE9-36F1-8D48-787FABEFF73F}.Debug|x64.Build.0 = Debug|x64
		{99C2389F-EFE9-36F1-8D48-787FABEFF73F}.Release|x64.ActiveCfg = Release|x64
		{99C2389F-EFE9-36F1-8D48-787FABEFF73F}.Release|x64.Build.0 = Release|x64
		{99C2389F-EFE9-36F1-8D48-787FABEFF73F}.MinSizeRel|x64.ActiveCfg = MinSizeRel|x64
		{99C2389F-EFE9-36F1-8D48-787FABEFF73F}.MinSizeRel|x64.Build.0 = MinSizeRel|x64
		{99C2389F-EFE9-36F1-8D48-787FABEFF73F}.RelWithDebInfo|x64.ActiveCfg = RelWithDebInfo|x64
		{99C2389F-EFE9-36F1-8D48-787FABEFF73F}.RelWithDebInfo|x64.Build.0 = RelWithDebInfo|x64
		{62AFD888-7FAD-34E9-A0EC-679EDEB25ADD}.Debug|x64.ActiveCfg = Debug|x64
		{62AFD888-7FAD-34E9-A0EC-679EDEB25ADD}.Debug|x64.Build.0 = Debug|x64
		{62AFD888-7FAD-34E9-A0EC-679EDEB25ADD}.Release|x64.ActiveCfg = Release|x64
		{62AFD888-7FAD-34E9-A0EC-679EDEB25ADD}.Release|x64.Build.0 = Release|x64
		{62AFD888-7FAD-34E9-A0EC-679EDEB25ADD}.MinSizeRel|x64.ActiveCfg = MinSizeRel|x64
		{62AFD888-7FAD-34E9-A0EC-679EDEB25ADD}.MinSizeRel|x64.Build.0 = MinSizeRel|x64
		{62AFD888-7FAD-34E9-A0EC-679EDEB25ADD}.RelWithDebInfo|x64.ActiveCfg = RelWithDebInfo|x64
		{62AFD888-7FAD-34E9-A0EC-679EDEB25ADD}.RelWithDebInfo|x64.Build.0 = RelWithDebInfo|x64
		{E3921DF5-B23D-3089-AE9A-9BAA4E6463E6}.Debug|x64.ActiveCfg = Debug|x64
		{E3921DF5-B23D-3089-AE9A-9BAA4E6463E6}.Debug|x64.Build.0 = Debug|x64
		{E3921DF5-B23D-3089-AE9A-9BAA4E6463E6}.Release|x64.ActiveCfg = Release|x64
		{E3921DF5-B23D-3089-AE9A-9BAA4E6463E6}.Release|x64.Build.0 = Release|x64
		{E3921DF5-B23D-3089-AE9A-9BAA4E6463E6}.MinSizeRel|x64.ActiveCfg = MinSizeRel|x64
		{E3921DF5-B23D-3089-AE9A-9BAA4E6463E6}.MinSizeRel|x64.Build.0 = MinSizeRel|x64
		{E3921DF5-B23D-3089-AE9A-9BAA4E6463E6}.RelWithDebInfo|x64.ActiveCfg = RelWithDebInfo|x64
		{E3921DF5-B23D-3089-AE9A-9BAA4E6463E6}.RelWithDebInfo|x64.Build.0 = RelWithDebInfo|x64
		{A8302DDC-D00A-304E-A804-BE2752641619}.Debug|x64.ActiveCfg = Debug|x64
		{A8302DDC-D00A-304E-A804-BE2752641619}.Debug|x64.Build.0 = Debug|x64
		{A8302DDC-D00A-304E-A804-BE2752641619}.Release|x64.ActiveCfg = Release|x64
		{A8302DDC-D00A-304E-A804-BE2752641619}.Release|x64.Build.0 = Release|x64
		{A8302DDC-D00A-304E-A804-BE2752641619}.MinSizeRel|x64.ActiveCfg = MinSizeRel|x64
		{A8302DDC-D00A-304E-A804-BE2752641619}.MinSizeRel|x64.Build.0 = MinSizeRel|x64
		{A8302DDC-D00A-304E-A804-BE2752641619}.RelWithDebInfo|x64.ActiveCfg = RelWithDebInfo|x64
		{A8302DDC-D00A-304E-A804-BE2752641619}.RelWithDebInfo|x64.Build.0 = RelWithDebInfo|x64
		{D76E65FB-7403-3116-A9C4-95548636D007}.Debug|x64.ActiveCfg = Debug|x64
		{D76E65FB-7403-3116-A9C4-95548636D007}.Debug|x64.Build.0 = Debug|x64
		{D76E65FB-7403-3116-A9C4-95548636D007}.Release|x64.ActiveCfg = Release|x64
		{D76E65FB-7403-3116-A9C4-95548636D007}.Release|x64.Build.0 = Release|x64
		{D76E65FB-7403-3116-A9C4-95548636D007}.MinSizeRel|x64.ActiveCfg = MinSizeRel|x64
		{D76E65FB-7403-3116-A9C4-95548636D007}.MinSizeRel|x64.Build.0 = MinSizeRel|x64
		{D76E65FB-7403-3116-A9C4-95548636D007}.RelWithDebInfo|x64.ActiveCfg = RelWithDebInfo|x64
		{D76E65FB-7403-3116-A9C4-95548636D007}.RelWithDebInfo|x64.Build.0 = RelWithDebInfo|x64
		{5FB2CD33-2F08-3F28-8868-CCFE6F6A2E3C}.Debug|x64.ActiveCfg = Debug|x64
		{5FB2CD33-2F08-3F28-8868-CCFE6F6A2E3C}.Debug|x64.Build.0 = Debug|x64
		{5FB2CD33-2F08-3F28-8868-CCFE6F6A2E3C}.Release|x64.ActiveCfg = Release|x64
		{5FB2CD33-2F08-3F28-8868-CCFE6F6A2E3C}.Release|x64.Build.0 = Release|x64
		{5FB2CD33-2F08-3F28-8868-CCFE6F6A2E3C}.MinSizeRel|x64.ActiveCfg = MinSizeRel|x64
		{5FB2CD33-2F08-3F28-8868-CCFE6F6A2E3C}.MinSizeRel|x64.Build.0 = MinSizeRel|x64
		{5FB2CD33-2F08-3F28-8868-CCFE6F6A2E3C}.RelWithDebInfo|x64.ActiveCfg = RelWithDebInfo|x64
		{5FB2CD33-2F08-3F28-8868-CCFE6F6A2E3C}.RelWithDebInfo|x64.Build.0 = RelWithDebInfo|x64
		{194AF745-848C-391A-BBF9-DDC3F27D71FB}.Debug|x64.ActiveCfg = Debug|x64
		{194AF745-848C-391A-BBF9-DDC3F27D71FB}.Debug|x64.Build.0 = Debug|x64
		{194AF745-848C-391A-BBF9-DDC3F27D71FB}.Release|x64.ActiveCfg = Release|x64
		{194AF745-848C-391A-BBF9-DDC3F27D71FB}.Release|x64.Build.0 = Release|x64
		{194AF745-848C-391A-BBF9-DDC3F27D71FB}.MinSizeRel|x64.ActiveCfg = MinSizeRel|x64
		{194AF745-848C-391A-BBF9-DDC3F27D71FB}.MinSizeRel|x64.Build.0 = MinSizeRel|x64
		{194AF745-848C-391A-BBF9-DDC3F27D71FB}.RelWithDebInfo|x64.ActiveCfg = RelWithDebInfo|x64
		{194AF745-848C-391A-BBF9-DDC3F27D71FB}.RelWithDebInfo|x64.Build.0 = RelWithDebInfo|x64
		{F9BD8182-425F-3744-A97E-8BB3FD73D052}.Debug|x64.ActiveCfg = Debug|x64
		{F9BD8182-425F-3744-A97E-8BB3FD73D052}.Debug|x64.Build.0 = Debug|x64
		{F9BD8182-425F-3744-A97E-8BB3FD73D052}.Release|x64.ActiveCfg = Release|x64
		{F9BD8182-425F-3744-A97E-8BB3FD73D052}.Release|x64.Build.0 = Release|x64
		{F9BD8182-425F-3744-A97E-8BB3FD73D052}.MinSizeRel|x64.ActiveCfg = MinSizeRel|x64
		{F9BD8182-425F-3744-A97E-8BB3FD73D052}.MinSizeRel|x64.Build.0 = MinSizeRel|x64
		{F9BD8182-425F-3744-A97E-8BB3FD73D052}.RelWithDebInfo|x64.ActiveCfg = RelWithDebInfo|x64
		{F9BD8182-425F-3744-A97E-8BB3FD73D052}.RelWithDebInfo|x64.Build.0 = RelWithDebInfo|x64
		{A18C7F43-A864-30BF-9DBC-1890D6A957BE}.Debug|x64.ActiveCfg = Debug|x64
		{A18C7F43-A864-30BF-9DBC-1890D6A957BE}.Debug|x64.Build.0 = Debug|x64
		{A18C7F43-A864-30BF-9DBC-1890D6A957BE}.Release|x64.ActiveCfg = Release|x64
		{A18C7F43-A864-30BF-9DBC-1890D6A957BE}.Release|x64.Build.0 = Release|x64
		{A18C7F43-A864-30BF-9DBC-1890D6A957BE}.MinSizeRel|x64.ActiveCfg = MinSizeRel|x64
		{A18C7F43-A864-30BF-9DBC-1890D6A957BE}.MinSizeRel|x64.Build.0 = MinSizeRel|x64
		{A18C7F43-A864-30BF-9DBC-1890D6A957BE}.RelWithDebInfo|x64.ActiveCfg = RelWithDebInfo|x64
		{A18C7F43-A864-30BF-9DBC-1890D6A957BE}.RelWithDebInfo|x64.Build.0 = RelWithDebInfo|x64
		{FC23C250-6145-35E2-805C-FCD9341B98B9}.Debug|x64.ActiveCfg = Debug|x64
		{FC23C250-6145-35E2-805C-FCD9341B98B9}.Debug|x64.Build.0 = Debug|x64
		{FC23C250-6145-35E2-805C-FCD9341B98B9}.Release|x64.ActiveCfg = Release|x64
		{FC23C250-6145-35E2-805C-FCD9341B98B9}.Release|x64.Build.0 = Release|x64
		{FC23C250-6145-35E2-805C-FCD9341B98B9}.MinSizeRel|x64.ActiveCfg = MinSizeRel|x64
		{FC23C250-6145-35E2-805C-FCD9341B98B9}.MinSizeRel|x64.Build.0 = MinSizeRel|x64
		{FC23C250-6145-35E2-805C-FCD9341B98B9}.RelWithDebInfo|x64.ActiveCfg = RelWithDebInfo|x64
		{FC23C250-6145-35E2-805C-FCD9341B98B9}.RelWithDebInfo|x64.Build.0 = RelWithDebInfo|x64
		{959064C5-6FF7-3BC0-B281-4D1C58DDD655}.Debug|x64.ActiveCfg = Debug|x64
		{959064C5-6FF7-3BC0-B281-4D1C58DDD655}.Debug|x64.Build.0 = Debug|x64
		{959064C5-6FF7-3BC0-B281-4D1C58DDD655}.Release|x64.ActiveCfg = Release|x64
		{959064C5-6FF7-3BC0-B281-4D1C58DDD655}.Release|x64.Build.0 = Release|x64
		{959064C5-6FF7-3BC0-B281-4D1C58DDD655}.MinSizeRel|x64.ActiveCfg = MinSizeRel|x64
		{959064C5-6FF7-3BC0-B281-4D1C58DDD655}.MinSizeRel|x64.Build.0 = MinSizeRel|x64
		{959064C5-6FF7-3BC0-B281-4D1C58DDD655}.RelWithDebInfo|x64.ActiveCfg = RelWithDebInfo|x64
		{959064C5-6FF7-3BC0-B281-4D1C58DDD655}.RelWithDebInfo|x64.Build.0 = RelWithDebInfo|x64
		{A3A1263F-0841-31D9-8B63-E8201CB63A2B}.Debug|x64.ActiveCfg = Debug|x64
		{A3A1263F-0841-31D9-8B63-E8201CB63A2B}.Debug|x64.Build.0 = Debug|x64
		{A3A1263F-0841-31D9-8B63-E8201CB63A2B}.Release|x64.ActiveCfg = Release|x64
		{A3A1263F-0841-31D9-8B63-E8201CB63A2B}.Release|x64.Build.0 = Release|x64
		{A3A1263F-0841-31D9-8B63-E8201CB63A2B}.MinSizeRel|x64.ActiveCfg = MinSizeRel|x64
		{A3A1263F-0841-31D9-8B63-E8201CB63A2B}.MinSizeRel|x64.Build.0 = MinSizeRel|x64
		{A3A1263F-0841-31D9-8B63-E8201CB63A2B}.RelWithDebInfo|x64.ActiveCfg = RelWithDebInfo|x64
		{A3A1263F-0841-31D9-8B63-E8201CB63A2B}.RelWithDebInfo|x64.Build.0 = RelWithDebInfo|x64
		{9B80B52A-5C18-3C33-AE70-1D5A45DA260A}.Debug|x64.ActiveCfg = Debug|x64
		{9B80B52A-5C18-3C33-AE70-1D5A45DA260A}.Release|x64.ActiveCfg = Release|x64
		{9B80B52A-5C18-3C33-AE70-1D5A45DA260A}.MinSizeRel|x64.ActiveCfg = MinSizeRel|x64
		{9B80B52A-5C18-3C33-AE70-1D5A45DA260A}.RelWithDebInfo|x64.ActiveCfg = RelWithDebInfo|x64
		{30670400-A489-3226-8F4D-BA1F3CBD979D}.Debug|x64.ActiveCfg = Debug|x64
		{30670400-A489-3226-8F4D-BA1F3CBD979D}.Debug|x64.Build.0 = Debug|x64
		{30670400-A489-3226-8F4D-BA1F3CBD979D}.Release|x64.ActiveCfg = Release|x64
		{30670400-A489-3226-8F4D-BA1F3CBD979D}.Release|x64.Build.0 = Release|x64
		{30670400-A489-3226-8F4D-BA1F3CBD979D}.MinSizeRel|x64.ActiveCfg = MinSizeRel|x64
		{30670400-A489-3226-8F4D-BA1F3CBD979D}.MinSizeRel|x64.Build.0 = MinSizeRel|x64
		{30670400-A489-3226-8F4D-BA1F3CBD979D}.RelWithDebInfo|x64.ActiveCfg = RelWithDebInfo|x64
		{30670400-A489-3226-8F4D-BA1F3CBD979D}.RelWithDebInfo|x64.Build.0 = RelWithDebInfo|x64
		{C03F2615-3203-3052-8262-16F6931C0D4F}.Debug|x64.ActiveCfg = Debug|x64
		{C03F2615-3203-3052-8262-16F6931C0D4F}.Debug|x64.Build.0 = Debug|x64
		{C03F2615-3203-3052-8262-16F6931C0D4F}.Release|x64.ActiveCfg = Release|x64
		{C03F2615-3203-3052-8262-16F6931C0D4F}.Release|x64.Build.0 = Release|x64
		{C03F2615-3203-3052-8262-16F6931C0D4F}.MinSizeRel|x64.ActiveCfg = MinSizeRel|x64
		{C03F2615-3203-3052-8262-16F6931C0D4F}.MinSizeRel|x64.Build.0 = MinSizeRel|x64
		{C03F2615-3203-3052-8262-16F6931C0D4F}.RelWithDebInfo|x64.ActiveCfg = RelWithDebInfo|x64
		{C03F2615-3203-3052-8262-16F6931C0D4F}.RelWithDebInfo|x64.Build.0 = RelWithDebInfo|x64
	EndGlobalSection
	GlobalSection(NestedProjects) = preSolution
		{E6D68A48-75C1-3F8E-955C-713DF33CA329} = {E721B1DE-3A66-3CD1-8401-C561504E0D37}
		{7741F5C1-B921-39CB-A16C-C1342CC52B22} = {E721B1DE-3A66-3CD1-8401-C561504E0D37}
		{80CD8EC1-41AA-3BB3-928A-E070AC099E93} = {E721B1DE-3A66-3CD1-8401-C561504E0D37}
		{7E4C48FA-A6C9-3AB5-A47E-3CBD08270BF0} = {638CD191-E6E4-33EE-9C7C-5809A8535D2A}
		{A46D5CCC-250D-3015-8E2E-39B1BEFFFC30} = {638CD191-E6E4-33EE-9C7C-5809A8535D2A}
		{EC6033DD-EE7B-3981-8037-2A28E4A1EF6B} = {638CD191-E6E4-33EE-9C7C-5809A8535D2A}
		{9B80B52A-5C18-3C33-AE70-1D5A45DA260A} = {638CD191-E6E4-33EE-9C7C-5809A8535D2A}
		{191FA321-AC73-3DD7-AD54-2529EEFCE585} = {7E4C48FA-A6C9-3AB5-A47E-3CBD08270BF0}
		{AFC62FC0-AF22-39F9-AFD3-12C415AED62A} = {7E4C48FA-A6C9-3AB5-A47E-3CBD08270BF0}
		{D911E392-F45F-31BB-A6E3-B8ECF2996525} = {7E4C48FA-A6C9-3AB5-A47E-3CBD08270BF0}
		{99C2389F-EFE9-36F1-8D48-787FABEFF73F} = {7E4C48FA-A6C9-3AB5-A47E-3CBD08270BF0}
		{E3921DF5-B23D-3089-AE9A-9BAA4E6463E6} = {7E4C48FA-A6C9-3AB5-A47E-3CBD08270BF0}
		{D76E65FB-7403-3116-A9C4-95548636D007} = {7E4C48FA-A6C9-3AB5-A47E-3CBD08270BF0}
		{5FB2CD33-2F08-3F28-8868-CCFE6F6A2E3C} = {7E4C48FA-A6C9-3AB5-A47E-3CBD08270BF0}
		{194AF745-848C-391A-BBF9-DDC3F27D71FB} = {7E4C48FA-A6C9-3AB5-A47E-3CBD08270BF0}
		{30670400-A489-3226-8F4D-BA1F3CBD979D} = {7E4C48FA-A6C9-3AB5-A47E-3CBD08270BF0}
		{50B28C30-CD49-3DBD-9EBA-DF733793BA51} = {A46D5CCC-250D-3015-8E2E-39B1BEFFFC30}
		{673270E2-23F3-3D2B-BC41-44EDC9F63CB7} = {A46D5CCC-250D-3015-8E2E-39B1BEFFFC30}
		{DC107215-F7DA-3F5E-9A90-55690817219D} = {A46D5CCC-250D-3015-8E2E-39B1BEFFFC30}
		{886DFBB5-6BE1-36D9-BB6D-21962523B552} = {A46D5CCC-250D-3015-8E2E-39B1BEFFFC30}
		{77386EE9-2AC8-3D34-AE5A-DF6BF5E2C012} = {A46D5CCC-250D-3015-8E2E-39B1BEFFFC30}
		{EC3C2D52-5680-3C11-9AE6-046057E975E2} = {A46D5CCC-250D-3015-8E2E-39B1BEFFFC30}
		{DD4CF5B0-4533-32AC-986D-F825EC40A255} = {A46D5CCC-250D-3015-8E2E-39B1BEFFFC30}
		{26C914B1-6691-3855-9836-A1477F1F3D35} = {A46D5CCC-250D-3015-8E2E-39B1BEFFFC30}
		{73F6F54C-6DBE-338C-9659-1BA406F12C3E} = {A46D5CCC-250D-3015-8E2E-39B1BEFFFC30}
		{9BA24A67-7A10-3170-B58A-C3525F52FC59} = {A46D5CCC-250D-3015-8E2E-39B1BEFFFC30}
		{663F8695-512C-3398-9295-7699F1F46C8B} = {A46D5CCC-250D-3015-8E2E-39B1BEFFFC30}
		{6E529772-F3CA-3534-9BC3-B7DD606CA4E3} = {A46D5CCC-250D-3015-8E2E-39B1BEFFFC30}
		{62AFD888-7FAD-34E9-A0EC-679EDEB25ADD} = {A46D5CCC-250D-3015-8E2E-39B1BEFFFC30}
		{A8302DDC-D00A-304E-A804-BE2752641619} = {A46D5CCC-250D-3015-8E2E-39B1BEFFFC30}
		{F9BD8182-425F-3744-A97E-8BB3FD73D052} = {A46D5CCC-250D-3015-8E2E-39B1BEFFFC30}
		{A18C7F43-A864-30BF-9DBC-1890D6A957BE} = {A46D5CCC-250D-3015-8E2E-39B1BEFFFC30}
		{FC23C250-6145-35E2-805C-FCD9341B98B9} = {A46D5CCC-250D-3015-8E2E-39B1BEFFFC30}
		{959064C5-6FF7-3BC0-B281-4D1C58DDD655} = {A46D5CCC-250D-3015-8E2E-39B1BEFFFC30}
		{A3A1263F-0841-31D9-8B63-E8201CB63A2B} = {A46D5CCC-250D-3015-8E2E-39B1BEFFFC30}
		{C03F2615-3203-3052-8262-16F6931C0D4F} = {A46D5CCC-250D-3015-8E2E-39B1BEFFFC30}
	EndGlobalSection
	GlobalSection(ExtensibilityGlobals) = postSolution
		SolutionGuid = {61B550DB-C209-36EE-AAC5-56BFE50116DE}
	EndGlobalSection
	GlobalSection(ExtensibilityAddIns) = postSolution
	EndGlobalSection
EndGlobal
